
Microsoft Visual Studio Solution File, Format Version 12.00
# Visual Studio Version 17
VisualStudioVersion = 17.2.32630.192
MinimumVisualStudioVersion = 10.0.40219.1
Project("{FAE04EC0-301F-11D3-BF4B-00C04F79EFBC}") = "CdktfTest", "CdktfTest.csproj", "{C5F2EE6D-8D97-4818-AFCE-90A3C2D13545}"
EndProject
Global
	GlobalSection(SolutionConfigurationPlatforms) = preSolution
		Debug|Any CPU = Debug|Any CPU
		Release|Any CPU = Release|Any CPU
	EndGlobalSection
	GlobalSection(ProjectConfigurationPlatforms) = postSolution
		{C5F2EE6D-8D97-4818-AFCE-90A3C2D13545}.Debug|Any CPU.ActiveCfg = Debug|Any CPU
		{C5F2EE6D-8D97-4818-AFCE-90A3C2D13545}.Debug|Any CPU.Build.0 = Debug|Any CPU
		{C5F2EE6D-8D97-4818-AFCE-90A3C2D13545}.Release|Any CPU.ActiveCfg = Release|Any CPU
		{C5F2EE6D-8D97-4818-AFCE-90A3C2D13545}.Release|Any CPU.Build.0 = Release|Any CPU
	EndGlobalSection
	GlobalSection(SolutionProperties) = preSolution
		HideSolutionNode = FALSE
	EndGlobalSection
	GlobalSection(ExtensibilityGlobals) = postSolution
		SolutionGuid = {EA4B4E98-10BD-46D0-AA66-FCB86CC19DD8}
	EndGlobalSection
EndGlobal
